// !$*UTF8*$!
{
	archiveVersion = 1;
	classes = {
	};
	objectVersion = 46;
	objects = {

/* Begin PBXBuildFile section */
		B7E74DCE1A34EBD000977F1B /* main.m in Sources */ = {isa = PBXBuildFile; fileRef = B7E74DCD1A34EBD000977F1B /* main.m */; };
		B7E74DD11A34EBD000977F1B /* AppDelegate.m in Sources */ = {isa = PBXBuildFile; fileRef = B7E74DD01A34EBD000977F1B /* AppDelegate.m */; };
		B7E74DD41A34EBD000977F1B /* ViewController.m in Sources */ = {isa = PBXBuildFile; fileRef = B7E74DD31A34EBD000977F1B /* ViewController.m */; };
		B7E74DD71A34EBD100977F1B /* Main.storyboard in Resources */ = {isa = PBXBuildFile; fileRef = B7E74DD51A34EBD100977F1B /* Main.storyboard */; };
		B7E74DD91A34EBD100977F1B /* Images.xcassets in Resources */ = {isa = PBXBuildFile; fileRef = B7E74DD81A34EBD100977F1B /* Images.xcassets */; };
		B7E74DDC1A34EBD100977F1B /* LaunchScreen.xib in Resources */ = {isa = PBXBuildFile; fileRef = B7E74DDA1A34EBD100977F1B /* LaunchScreen.xib */; };
		B7E74DE81A34EBD400977F1B /* IAPExampleTests.m in Sources */ = {isa = PBXBuildFile; fileRef = B7E74DE71A34EBD400977F1B /* IAPExampleTests.m */; };
		B7E74DF31A34EC3300977F1B /* StoreKit.framework in Frameworks */ = {isa = PBXBuildFile; fileRef = B7E74DF21A34EC3300977F1B /* StoreKit.framework */; };
		B7E74E001A34F3AD00977F1B /* IVIAPHelper.m in Sources */ = {isa = PBXBuildFile; fileRef = B7E74DFD1A34F3AD00977F1B /* IVIAPHelper.m */; };
		B7E74E011A34F3AD00977F1B /* IVRageIAPHelper.m in Sources */ = {isa = PBXBuildFile; fileRef = B7E74DFF1A34F3AD00977F1B /* IVRageIAPHelper.m */; };
/* End PBXBuildFile section */

/* Begin PBXContainerItemProxy section */
		B7E74DE21A34EBD400977F1B /* PBXContainerItemProxy */ = {
			isa = PBXContainerItemProxy;
			containerPortal = B7E74DC01A34EBCF00977F1B /* Project object */;
			proxyType = 1;
			remoteGlobalIDString = B7E74DC71A34EBCF00977F1B;
			remoteInfo = IAPExample;
		};
/* End PBXContainerItemProxy section */

/* Begin PBXFileReference section */
		B7E74DC81A34EBD000977F1B /* IAPExample.app */ = {isa = PBXFileReference; explicitFileType = wrapper.application; includeInIndex = 0; path = IAPExample.app; sourceTree = BUILT_PRODUCTS_DIR; };
		B7E74DCC1A34EBD000977F1B /* Info.plist */ = {isa = PBXFileReference; lastKnownFileType = text.plist.xml; path = Info.plist; sourceTree = "<group>"; };
		B7E74DCD1A34EBD000977F1B /* main.m */ = {isa = PBXFileReference; lastKnownFileType = sourcecode.c.objc; path = main.m; sourceTree = "<group>"; };
		B7E74DCF1A34EBD000977F1B /* AppDelegate.h */ = {isa = PBXFileReference; lastKnownFileType = sourcecode.c.h; path = AppDelegate.h; sourceTree = "<group>"; };
		B7E74DD01A34EBD000977F1B /* AppDelegate.m */ = {isa = PBXFileReference; lastKnownFileType = sourcecode.c.objc; path = AppDelegate.m; sourceTree = "<group>"; };
		B7E74DD21A34EBD000977F1B /* ViewController.h */ = {isa = PBXFileReference; lastKnownFileType = sourcecode.c.h; path = ViewController.h; sourceTree = "<group>"; };
		B7E74DD31A34EBD000977F1B /* ViewController.m */ = {isa = PBXFileReference; lastKnownFileType = sourcecode.c.objc; path = ViewController.m; sourceTree = "<group>"; };
		B7E74DD61A34EBD100977F1B /* Base */ = {isa = PBXFileReference; lastKnownFileType = file.storyboard; name = Base; path = Base.lproj/Main.storyboard; sourceTree = "<group>"; };
		B7E74DD81A34EBD100977F1B /* Images.xcassets */ = {isa = PBXFileReference; lastKnownFileType = folder.assetcatalog; path = Images.xcassets; sourceTree = "<group>"; };
		B7E74DDB1A34EBD100977F1B /* Base */ = {isa = PBXFileReference; lastKnownFileType = file.xib; name = Base; path = Base.lproj/LaunchScreen.xib; sourceTree = "<group>"; };
		B7E74DE11A34EBD400977F1B /* IAPExampleTests.xctest */ = {isa = PBXFileReference; explicitFileType = wrapper.cfbundle; includeInIndex = 0; path = IAPExampleTests.xctest; sourceTree = BUILT_PRODUCTS_DIR; };
		B7E74DE61A34EBD400977F1B /* Info.plist */ = {isa = PBXFileReference; lastKnownFileType = text.plist.xml; path = Info.plist; sourceTree = "<group>"; };
		B7E74DE71A34EBD400977F1B /* IAPExampleTests.m */ = {isa = PBXFileReference; lastKnownFileType = sourcecode.c.objc; path = IAPExampleTests.m; sourceTree = "<group>"; };
		B7E74DF21A34EC3300977F1B /* StoreKit.framework */ = {isa = PBXFileReference; lastKnownFileType = wrapper.framework; name = StoreKit.framework; path = System/Library/Frameworks/StoreKit.framework; sourceTree = SDKROOT; };
		B7E74DFC1A34F3AD00977F1B /* IVIAPHelper.h */ = {isa = PBXFileReference; fileEncoding = 4; lastKnownFileType = sourcecode.c.h; path = IVIAPHelper.h; sourceTree = "<group>"; };
		B7E74DFD1A34F3AD00977F1B /* IVIAPHelper.m */ = {isa = PBXFileReference; fileEncoding = 4; lastKnownFileType = sourcecode.c.objc; path = IVIAPHelper.m; sourceTree = "<group>"; };
		B7E74DFE1A34F3AD00977F1B /* IVRageIAPHelper.h */ = {isa = PBXFileReference; fileEncoding = 4; lastKnownFileType = sourcecode.c.h; path = IVRageIAPHelper.h; sourceTree = "<group>"; };
		B7E74DFF1A34F3AD00977F1B /* IVRageIAPHelper.m */ = {isa = PBXFileReference; fileEncoding = 4; lastKnownFileType = sourcecode.c.objc; path = IVRageIAPHelper.m; sourceTree = "<group>"; };
/* End PBXFileReference section */

/* Begin PBXFrameworksBuildPhase section */
		B7E74DC51A34EBCF00977F1B /* Frameworks */ = {
			isa = PBXFrameworksBuildPhase;
			buildActionMask = 2147483647;
			files = (
				B7E74DF31A34EC3300977F1B /* StoreKit.framework in Frameworks */,
			);
			runOnlyForDeploymentPostprocessing = 0;
		};
		B7E74DDE1A34EBD400977F1B /* Frameworks */ = {
			isa = PBXFrameworksBuildPhase;
			buildActionMask = 2147483647;
			files = (
			);
			runOnlyForDeploymentPostprocessing = 0;
		};
/* End PBXFrameworksBuildPhase section */

/* Begin PBXGroup section */
		B7E74DBF1A34EBCF00977F1B = {
			isa = PBXGroup;
			children = (
				B7E74DCA1A34EBD000977F1B /* IAPExample */,
				B7E74DE41A34EBD400977F1B /* IAPExampleTests */,
				B7E74DC91A34EBD000977F1B /* Products */,
				B7E74DF11A34EC0500977F1B /* Frameworks */,
			);
			sourceTree = "<group>";
		};
		B7E74DC91A34EBD000977F1B /* Products */ = {
			isa = PBXGroup;
			children = (
				B7E74DC81A34EBD000977F1B /* IAPExample.app */,
				B7E74DE11A34EBD400977F1B /* IAPExampleTests.xctest */,
			);
			name = Products;
			sourceTree = "<group>";
		};
		B7E74DCA1A34EBD000977F1B /* IAPExample */ = {
			isa = PBXGroup;
			children = (
				B7E74DFB1A34F3AD00977F1B /* IVIAPHelper */,
				B7E74DCF1A34EBD000977F1B /* AppDelegate.h */,
				B7E74DD01A34EBD000977F1B /* AppDelegate.m */,
				B7E74DD21A34EBD000977F1B /* ViewController.h */,
				B7E74DD31A34EBD000977F1B /* ViewController.m */,
				B7E74DD51A34EBD100977F1B /* Main.storyboard */,
				B7E74DD81A34EBD100977F1B /* Images.xcassets */,
				B7E74DDA1A34EBD100977F1B /* LaunchScreen.xib */,
				B7E74DCB1A34EBD000977F1B /* Supporting Files */,
			);
			path = IAPExample;
			sourceTree = "<group>";
		};
		B7E74DCB1A34EBD000977F1B /* Supporting Files */ = {
			isa = PBXGroup;
			children = (
				B7E74DCC1A34EBD000977F1B /* Info.plist */,
				B7E74DCD1A34EBD000977F1B /* main.m */,
			);
			name = "Supporting Files";
			sourceTree = "<group>";
		};
		B7E74DE41A34EBD400977F1B /* IAPExampleTests */ = {
			isa = PBXGroup;
			children = (
				B7E74DE71A34EBD400977F1B /* IAPExampleTests.m */,
				B7E74DE51A34EBD400977F1B /* Supporting Files */,
			);
			path = IAPExampleTests;
			sourceTree = "<group>";
		};
		B7E74DE51A34EBD400977F1B /* Supporting Files */ = {
			isa = PBXGroup;
			children = (
				B7E74DE61A34EBD400977F1B /* Info.plist */,
			);
			name = "Supporting Files";
			sourceTree = "<group>";
		};
		B7E74DF11A34EC0500977F1B /* Frameworks */ = {
			isa = PBXGroup;
			children = (
				B7E74DF21A34EC3300977F1B /* StoreKit.framework */,
			);
			name = Frameworks;
			sourceTree = "<group>";
		};
		B7E74DFB1A34F3AD00977F1B /* IVIAPHelper */ = {
			isa = PBXGroup;
			children = (
				B7E74DFC1A34F3AD00977F1B /* IVIAPHelper.h */,
				B7E74DFD1A34F3AD00977F1B /* IVIAPHelper.m */,
				B7E74DFE1A34F3AD00977F1B /* IVRageIAPHelper.h */,
				B7E74DFF1A34F3AD00977F1B /* IVRageIAPHelper.m */,
			);
			name = IVIAPHelper;
			path = ../../IVIAPHelper;
			sourceTree = "<group>";
		};
/* End PBXGroup section */

/* Begin PBXNativeTarget section */
		B7E74DC71A34EBCF00977F1B /* IAPExample */ = {
			isa = PBXNativeTarget;
			buildConfigurationList = B7E74DEB1A34EBD400977F1B /* Build configuration list for PBXNativeTarget "IAPExample" */;
			buildPhases = (
				B7E74DC41A34EBCF00977F1B /* Sources */,
				B7E74DC51A34EBCF00977F1B /* Frameworks */,
				B7E74DC61A34EBCF00977F1B /* Resources */,
			);
			buildRules = (
			);
			dependencies = (
			);
			name = IAPExample;
			productName = IAPExample;
			productReference = B7E74DC81A34EBD000977F1B /* IAPExample.app */;
			productType = "com.apple.product-type.application";
		};
		B7E74DE01A34EBD400977F1B /* IAPExampleTests */ = {
			isa = PBXNativeTarget;
			buildConfigurationList = B7E74DEE1A34EBD400977F1B /* Build configuration list for PBXNativeTarget "IAPExampleTests" */;
			buildPhases = (
				B7E74DDD1A34EBD400977F1B /* Sources */,
				B7E74DDE1A34EBD400977F1B /* Frameworks */,
				B7E74DDF1A34EBD400977F1B /* Resources */,
			);
			buildRules = (
			);
			dependencies = (
				B7E74DE31A34EBD400977F1B /* PBXTargetDependency */,
			);
			name = IAPExampleTests;
			productName = IAPExampleTests;
			productReference = B7E74DE11A34EBD400977F1B /* IAPExampleTests.xctest */;
			productType = "com.apple.product-type.bundle.unit-test";
		};
/* End PBXNativeTarget section */

/* Begin PBXProject section */
		B7E74DC01A34EBCF00977F1B /* Project object */ = {
			isa = PBXProject;
			attributes = {
				LastUpgradeCheck = 0610;
				ORGANIZATIONNAME = "Igor Vasilenko";
				TargetAttributes = {
					B7E74DC71A34EBCF00977F1B = {
						CreatedOnToolsVersion = 6.1.1;
					};
					B7E74DE01A34EBD400977F1B = {
						CreatedOnToolsVersion = 6.1.1;
						TestTargetID = B7E74DC71A34EBCF00977F1B;
					};
				};
			};
			buildConfigurationList = B7E74DC31A34EBCF00977F1B /* Build configuration list for PBXProject "IAPExample" */;
			compatibilityVersion = "Xcode 3.2";
			developmentRegion = English;
			hasScannedForEncodings = 0;
			knownRegions = (
				en,
				Base,
			);
			mainGroup = B7E74DBF1A34EBCF00977F1B;
			productRefGroup = B7E74DC91A34EBD000977F1B /* Products */;
			projectDirPath = "";
			projectRoot = "";
			targets = (
				B7E74DC71A34EBCF00977F1B /* IAPExample */,
				B7E74DE01A34EBD400977F1B /* IAPExampleTests */,
			);
		};
/* End PBXProject section */

/* Begin PBXResourcesBuildPhase section */
		B7E74DC61A34EBCF00977F1B /* Resources */ = {
			isa = PBXResourcesBuildPhase;
			buildActionMask = 2147483647;
			files = (
				B7E74DD71A34EBD100977F1B /* Main.storyboard in Resources */,
				B7E74DDC1A34EBD100977F1B /* LaunchScreen.xib in Resources */,
				B7E74DD91A34EBD100977F1B /* Images.xcassets in Resources */,
			);
			runOnlyForDeploymentPostprocessing = 0;
		};
		B7E74DDF1A34EBD400977F1B /* Resources */ = {
			isa = PBXResourcesBuildPhase;
			buildActionMask = 2147483647;
			files = (
			);
			runOnlyForDeploymentPostprocessing = 0;
		};
/* End PBXResourcesBuildPhase section */

/* Begin PBXSourcesBuildPhase section */
		B7E74DC41A34EBCF00977F1B /* Sources */ = {
			isa = PBXSourcesBuildPhase;
			buildActionMask = 2147483647;
			files = (
				B7E74E011A34F3AD00977F1B /* IVRageIAPHelper.m in Sources */,
				B7E74DD41A34EBD000977F1B /* ViewController.m in Sources */,
				B7E74E001A34F3AD00977F1B /* IVIAPHelper.m in Sources */,
				B7E74DD11A34EBD000977F1B /* AppDelegate.m in Sources */,
				B7E74DCE1A34EBD000977F1B /* main.m in Sources */,
			);
			runOnlyForDeploymentPostprocessing = 0;
		};
		B7E74DDD1A34EBD400977F1B /* Sources */ = {
			isa = PBXSourcesBuildPhase;
			buildActionMask = 2147483647;
			files = (
				B7E74DE81A34EBD400977F1B /* IAPExampleTests.m in Sources */,
			);
			runOnlyForDeploymentPostprocessing = 0;
		};
/* End PBXSourcesBuildPhase section */

/* Begin PBXTargetDependency section */
		B7E74DE31A34EBD400977F1B /* PBXTargetDependency */ = {
			isa = PBXTargetDependency;
			target = B7E74DC71A34EBCF00977F1B /* IAPExample */;
			targetProxy = B7E74DE21A34EBD400977F1B /* PBXContainerItemProxy */;
		};
/* End PBXTargetDependency section */

/* Begin PBXVariantGroup section */
		B7E74DD51A34EBD100977F1B /* Main.storyboard */ = {
			isa = PBXVariantGroup;
			children = (
				B7E74DD61A34EBD100977F1B /* Base */,
			);
			name = Main.storyboard;
			sourceTree = "<group>";
		};
		B7E74DDA1A34EBD100977F1B /* LaunchScreen.xib */ = {
			isa = PBXVariantGroup;
			children = (
				B7E74DDB1A34EBD100977F1B /* Base */,
			);
			name = LaunchScreen.xib;
			sourceTree = "<group>";
		};
/* End PBXVariantGroup section */

/* Begin XCBuildConfiguration section */
		B7E74DE91A34EBD400977F1B /* Debug */ = {
			isa = XCBuildConfiguration;
			buildSettings = {
				ALWAYS_SEARCH_USER_PATHS = NO;
				CLANG_CXX_LANGUAGE_STANDARD = "gnu++0x";
				CLANG_CXX_LIBRARY = "libc++";
				CLANG_ENABLE_MODULES = YES;
				CLANG_ENABLE_OBJC_ARC = YES;
				CLANG_WARN_BOOL_CONVERSION = YES;
				CLANG_WARN_CONSTANT_CONVERSION = YES;
				CLANG_WARN_DIRECT_OBJC_ISA_USAGE = YES_ERROR;
				CLANG_WARN_EMPTY_BODY = YES;
				CLANG_WARN_ENUM_CONVERSION = YES;
				CLANG_WARN_INT_CONVERSION = YES;
				CLANG_WARN_OBJC_ROOT_CLASS = YES_ERROR;
				CLANG_WARN_UNREACHABLE_CODE = YES;
				CLANG_WARN__DUPLICATE_METHOD_MATCH = YES;
				"CODE_SIGN_IDENTITY[sdk=iphoneos*]" = "iPhone Developer";
				COPY_PHASE_STRIP = NO;
				ENABLE_STRICT_OBJC_MSGSEND = YES;
				GCC_C_LANGUAGE_STANDARD = gnu99;
				GCC_DYNAMIC_NO_PIC = NO;
				GCC_OPTIMIZATION_LEVEL = 0;
				GCC_PREPROCESSOR_DEFINITIONS = (
					"DEBUG=1",
					"$(inherited)",
				);
				GCC_SYMBOLS_PRIVATE_EXTERN = NO;
				GCC_WARN_64_TO_32_BIT_CONVERSION = YES;
				GCC_WARN_ABOUT_RETURN_TYPE = YES_ERROR;
				GCC_WARN_UNDECLARED_SELECTOR = YES;
				GCC_WARN_UNINITIALIZED_AUTOS = YES_AGGRESSIVE;
				GCC_WARN_UNUSED_FUNCTION = YES;
				GCC_WARN_UNUSED_VARIABLE = YES;
				IPHONEOS_DEPLOYMENT_TARGET = 8.1;
				MTL_ENABLE_DEBUG_INFO = YES;
				ONLY_ACTIVE_ARCH = YES;
				SDKROOT = iphoneos;
			};
			name = Debug;
		};
		B7E74DEA1A34EBD400977F1B /* Release */ = {
			isa = XCBuildConfiguration;
			buildSettings = {
				ALWAYS_SEARCH_USER_PATHS = NO;
				CLANG_CXX_LANGUAGE_STANDARD = "gnu++0x";
				CLANG_CXX_LIBRARY = "libc++";
				CLANG_ENABLE_MODULES = YES;
				CLANG_ENABLE_OBJC_ARC = YES;
				CLANG_WARN_BOOL_CONVERSION = YES;
				CLANG_WARN_CONSTANT_CONVERSION = YES;
				CLANG_WARN_DIRECT_OBJC_ISA_USAGE = YES_ERROR;
				CLANG_WARN_EMPTY_BODY = YES;
				CLANG_WARN_ENUM_CONVERSION = YES;
				CLANG_WARN_INT_CONVERSION = YES;
				CLANG_WARN_OBJC_ROOT_CLASS = YES_ERROR;
				CLANG_WARN_UNREACHABLE_CODE = YES;
				CLANG_WARN__DUPLICATE_METHOD_MATCH = YES;
				"CODE_SIGN_IDENTITY[sdk=iphoneos*]" = "iPhone Developer";
				COPY_PHASE_STRIP = YES;
				ENABLE_NS_ASSERTIONS = NO;
				ENABLE_STRICT_OBJC_MSGSEND = YES;
				GCC_C_LANGUAGE_STANDARD = gnu99;
				GCC_WARN_64_TO_32_BIT_CONVERSION = YES;
				GCC_WARN_ABOUT_RETURN_TYPE = YES_ERROR;
				GCC_WARN_UNDECLARED_SELECTOR = YES;
				GCC_WARN_UNINITIALIZED_AUTOS = YES_AGGRESSIVE;
				GCC_WARN_UNUSED_FUNCTION = YES;
				GCC_WARN_UNUSED_VARIABLE = YES;
				IPHONEOS_DEPLOYMENT_TARGET = 8.1;
				MTL_ENABLE_DEBUG_INFO = NO;
				SDKROOT = iphoneos;
				VALIDATE_PRODUCT = YES;
			};
			name = Release;
		};
		B7E74DEC1A34EBD400977F1B /* Debug */ = {
			isa = XCBuildConfiguration;
			buildSettings = {
				ASSETCATALOG_COMPILER_APPICON_NAME = AppIcon;
				INFOPLIST_FILE = IAPExample/Info.plist;
				LD_RUNPATH_SEARCH_PATHS = "$(inherited) @executable_path/Frameworks";
				PRODUCT_NAME = "$(TARGET_NAME)";
			};
			name = Debug;
		};
		B7E74DED1A34EBD400977F1B /* Release */ = {
			isa = XCBuildConfiguration;
			buildSettings = {
				ASSETCATALOG_COMPILER_APPICON_NAME = AppIcon;
				INFOPLIST_FILE = IAPExample/Info.plist;
				LD_RUNPATH_SEARCH_PATHS = "$(inherited) @executable_path/Frameworks";
				PRODUCT_NAME = "$(TARGET_NAME)";
			};
			name = Release;
		};
		B7E74DEF1A34EBD400977F1B /* Debug */ = {
			isa = XCBuildConfiguration;
			buildSettings = {
				BUNDLE_LOADER = "$(TEST_HOST)";
				FRAMEWORK_SEARCH_PATHS = (
					"$(SDKROOT)/Developer/Library/Frameworks",
					"$(inherited)",
				);
				GCC_PREPROCESSOR_DEFINITIONS = (
					"DEBUG=1",
					"$(inherited)",
				);
				INFOPLIST_FILE = IAPExampleTests/Info.plist;
				LD_RUNPATH_SEARCH_PATHS = "$(inherited) @executable_path/Frameworks @loader_path/Frameworks";
				PRODUCT_NAME = "$(TARGET_NAME)";
				TEST_HOST = "$(BUILT_PRODUCTS_DIR)/IAPExample.app/IAPExample";
			};
			name = Debug;
		};
		B7E74DF01A34EBD400977F1B /* Release */ = {
			isa = XCBuildConfiguration;
			buildSettings = {
				BUNDLE_LOADER = "$(TEST_HOST)";
				FRAMEWORK_SEARCH_PATHS = (
					"$(SDKROOT)/Developer/Library/Frameworks",
					"$(inherited)",
				);
				INFOPLIST_FILE = IAPExampleTests/Info.plist;
				LD_RUNPATH_SEARCH_PATHS = "$(inherited) @executable_path/Frameworks @loader_path/Frameworks";
				PRODUCT_NAME = "$(TARGET_NAME)";
				TEST_HOST = "$(BUILT_PRODUCTS_DIR)/IAPExample.app/IAPExample";
			};
			name = Release;
		};
/* End XCBuildConfiguration section */

/* Begin XCConfigurationList section */
		B7E74DC31A34EBCF00977F1B /* Build configuration list for PBXProject "IAPExample" */ = {
			isa = XCConfigurationList;
			buildConfigurations = (
				B7E74DE91A34EBD400977F1B /* Debug */,
				B7E74DEA1A34EBD400977F1B /* Release */,
			);
			defaultConfigurationIsVisible = 0;
			defaultConfigurationName = Release;
		};
		B7E74DEB1A34EBD400977F1B /* Build configuration list for PBXNativeTarget "IAPExample" */ = {
			isa = XCConfigurationList;
			buildConfigurations = (
				B7E74DEC1A34EBD400977F1B /* Debug */,
				B7E74DED1A34EBD400977F1B /* Release */,
			);
			defaultConfigurationIsVisible = 0;
			defaultConfigurationName = Release;
		};
		B7E74DEE1A34EBD400977F1B /* Build configuration list for PBXNativeTarget "IAPExampleTests" */ = {
			isa = XCConfigurationList;
			buildConfigurations = (
				B7E74DEF1A34EBD400977F1B /* Debug */,
				B7E74DF01A34EBD400977F1B /* Release */,
			);
			defaultConfigurationIsVisible = 0;
			defaultConfigurationName = Release;
		};
/* End XCConfigurationList section */
	};
	rootObject = B7E74DC01A34EBCF00977F1B /* Project object */;
}
